
Microsoft Visual Studio Solution File, Format Version 12.00
# Visual Studio 15
VisualStudioVersion = 15.0.28307.705
MinimumVisualStudioVersion = 10.0.40219.1
Project("{FAE04EC0-301F-11D3-BF4B-00C04F79EFBC}") = "DTP", "DTP\DTP.csproj", "{5668D25C-C591-4B61-ADD8-5D03BA46F536}"
EndProject
Global
	GlobalSection(SolutionConfigurationPlatforms) = preSolution
		Debug|Any CPU = Debug|Any CPU
		Release|Any CPU = Release|Any CPU
	EndGlobalSection
	GlobalSection(ProjectConfigurationPlatforms) = postSolution
		{5668D25C-C591-4B61-ADD8-5D03BA46F536}.Debug|Any CPU.ActiveCfg = Debug|Any CPU
		{5668D25C-C591-4B61-ADD8-5D03BA46F536}.Debug|Any CPU.Build.0 = Debug|Any CPU
		{5668D25C-C591-4B61-ADD8-5D03BA46F536}.Release|Any CPU.ActiveCfg = Release|Any CPU
		{5668D25C-C591-4B61-ADD8-5D03BA46F536}.Release|Any CPU.Build.0 = Release|Any CPU
	EndGlobalSection
	GlobalSection(SolutionProperties) = preSolution
		HideSolutionNode = FALSE
	EndGlobalSection
	GlobalSection(ExtensibilityGlobals) = postSolution
		SolutionGuid = {4DD38D46-7ACE-43A0-A9F3-DC45702BB5B6}
	EndGlobalSection
EndGlobal
